
Microsoft Visual Studio Solution File, Format Version 12.00
# Visual Studio Version 16
VisualStudioVersion = 16.0.30204.135
MinimumVisualStudioVersion = 10.0.40219.1
Project("{FAE04EC0-301F-11D3-BF4B-00C04F79EFBC}") = "MotoProfessional", "MediaBuyer\MotoProfessional.csproj", "{BF788833-7587-4CFA-87D5-B4B021AC64F9}"
EndProject
Project("{00D1A9C2-B5F0-4AF3-8072-F6C62B433612}") = "Database", "Database\Database.sqlproj", "{5CD37735-5E5E-4602-8C78-60B3794B4D4B}"
EndProject
Project("{E24C65DC-7377-472B-9ABA-BC803B73C61A}") = "Photos", "Photos\", "{53B5F1EB-9646-4548-85DB-C1984D912CFC}"
	ProjectSection(WebsiteProperties) = preProject
		TargetFrameworkMoniker = ".NETFramework,Version%3Dv4.0"
		ProjectReferences = "{BF788833-7587-4CFA-87D5-B4B021AC64F9}|MotoProfessional.dll;{5E4D1B9D-6A7E-445D-B3E9-6B536F1DC6BE}|MPFramework.dll;"
		Debug.AspNetCompiler.VirtualPath = "/Photos"
		Debug.AspNetCompiler.PhysicalPath = "Photos\"
		Debug.AspNetCompiler.TargetPath = "PrecompiledWeb\Photos\"
		Debug.AspNetCompiler.Updateable = "true"
		Debug.AspNetCompiler.ForceOverwrite = "true"
		Debug.AspNetCompiler.FixedNames = "false"
		Debug.AspNetCompiler.Debug = "True"
		Release.AspNetCompiler.VirtualPath = "/Photos"
		Release.AspNetCompiler.PhysicalPath = "Photos\"
		Release.AspNetCompiler.TargetPath = "PrecompiledWeb\Photos\"
		Release.AspNetCompiler.Updateable = "true"
		Release.AspNetCompiler.ForceOverwrite = "true"
		Release.AspNetCompiler.FixedNames = "false"
		Release.AspNetCompiler.Debug = "False"
		VWDPort = "55239"
	EndProjectSection
EndProject
Project("{FAE04EC0-301F-11D3-BF4B-00C04F79EFBC}") = "MPN.Framework", "..\Framework\MPN.Framework.csproj", "{5E4D1B9D-6A7E-445D-B3E9-6B536F1DC6BE}"
EndProject
Global
	GlobalSection(SolutionConfigurationPlatforms) = preSolution
		Debug|.NET = Debug|.NET
		Debug|Any CPU = Debug|Any CPU
		Debug|Mixed Platforms = Debug|Mixed Platforms
		Debug|x64 = Debug|x64
		Release|.NET = Release|.NET
		Release|Any CPU = Release|Any CPU
		Release|Mixed Platforms = Release|Mixed Platforms
		Release|x64 = Release|x64
	EndGlobalSection
	GlobalSection(ProjectConfigurationPlatforms) = postSolution
		{BF788833-7587-4CFA-87D5-B4B021AC64F9}.Debug|.NET.ActiveCfg = Debug|Any CPU
		{BF788833-7587-4CFA-87D5-B4B021AC64F9}.Debug|Any CPU.ActiveCfg = Debug|Any CPU
		{BF788833-7587-4CFA-87D5-B4B021AC64F9}.Debug|Any CPU.Build.0 = Debug|Any CPU
		{BF788833-7587-4CFA-87D5-B4B021AC64F9}.Debug|Mixed Platforms.ActiveCfg = Debug|Any CPU
		{BF788833-7587-4CFA-87D5-B4B021AC64F9}.Debug|Mixed Platforms.Build.0 = Debug|Any CPU
		{BF788833-7587-4CFA-87D5-B4B021AC64F9}.Debug|x64.ActiveCfg = Debug|x64
		{BF788833-7587-4CFA-87D5-B4B021AC64F9}.Debug|x64.Build.0 = Debug|x64
		{BF788833-7587-4CFA-87D5-B4B021AC64F9}.Release|.NET.ActiveCfg = Release|Any CPU
		{BF788833-7587-4CFA-87D5-B4B021AC64F9}.Release|Any CPU.ActiveCfg = Release|Any CPU
		{BF788833-7587-4CFA-87D5-B4B021AC64F9}.Release|Any CPU.Build.0 = Release|Any CPU
		{BF788833-7587-4CFA-87D5-B4B021AC64F9}.Release|Mixed Platforms.ActiveCfg = Release|Any CPU
		{BF788833-7587-4CFA-87D5-B4B021AC64F9}.Release|Mixed Platforms.Build.0 = Release|Any CPU
		{BF788833-7587-4CFA-87D5-B4B021AC64F9}.Release|x64.ActiveCfg = Release|Any CPU
		{BF788833-7587-4CFA-87D5-B4B021AC64F9}.Release|x64.Build.0 = Release|Any CPU
		{5CD37735-5E5E-4602-8C78-60B3794B4D4B}.Debug|.NET.ActiveCfg = Debug|Any CPU
		{5CD37735-5E5E-4602-8C78-60B3794B4D4B}.Debug|Any CPU.ActiveCfg = Debug|Any CPU
		{5CD37735-5E5E-4602-8C78-60B3794B4D4B}.Debug|Mixed Platforms.ActiveCfg = Debug|Any CPU
		{5CD37735-5E5E-4602-8C78-60B3794B4D4B}.Debug|x64.ActiveCfg = Debug|Any CPU
		{5CD37735-5E5E-4602-8C78-60B3794B4D4B}.Release|.NET.ActiveCfg = Release|Any CPU
		{5CD37735-5E5E-4602-8C78-60B3794B4D4B}.Release|Any CPU.ActiveCfg = Release|Any CPU
		{5CD37735-5E5E-4602-8C78-60B3794B4D4B}.Release|Mixed Platforms.ActiveCfg = Release|Any CPU
		{5CD37735-5E5E-4602-8C78-60B3794B4D4B}.Release|x64.ActiveCfg = Release|Any CPU
		{53B5F1EB-9646-4548-85DB-C1984D912CFC}.Debug|.NET.ActiveCfg = Debug|Any CPU
		{53B5F1EB-9646-4548-85DB-C1984D912CFC}.Debug|.NET.Build.0 = Debug|Any CPU
		{53B5F1EB-9646-4548-85DB-C1984D912CFC}.Debug|Any CPU.ActiveCfg = Debug|Any CPU
		{53B5F1EB-9646-4548-85DB-C1984D912CFC}.Debug|Any CPU.Build.0 = Debug|Any CPU
		{53B5F1EB-9646-4548-85DB-C1984D912CFC}.Debug|Mixed Platforms.ActiveCfg = Debug|Any CPU
		{53B5F1EB-9646-4548-85DB-C1984D912CFC}.Debug|Mixed Platforms.Build.0 = Debug|Any CPU
		{53B5F1EB-9646-4548-85DB-C1984D912CFC}.Debug|x64.ActiveCfg = Debug|Any CPU
		{53B5F1EB-9646-4548-85DB-C1984D912CFC}.Debug|x64.Build.0 = Debug|Any CPU
		{53B5F1EB-9646-4548-85DB-C1984D912CFC}.Release|.NET.ActiveCfg = Debug|Any CPU
		{53B5F1EB-9646-4548-85DB-C1984D912CFC}.Release|.NET.Build.0 = Debug|Any CPU
		{53B5F1EB-9646-4548-85DB-C1984D912CFC}.Release|Any CPU.ActiveCfg = Debug|Any CPU
		{53B5F1EB-9646-4548-85DB-C1984D912CFC}.Release|Any CPU.Build.0 = Debug|Any CPU
		{53B5F1EB-9646-4548-85DB-C1984D912CFC}.Release|Mixed Platforms.ActiveCfg = Debug|Any CPU
		{53B5F1EB-9646-4548-85DB-C1984D912CFC}.Release|Mixed Platforms.Build.0 = Debug|Any CPU
		{53B5F1EB-9646-4548-85DB-C1984D912CFC}.Release|x64.ActiveCfg = Debug|Any CPU
		{53B5F1EB-9646-4548-85DB-C1984D912CFC}.Release|x64.Build.0 = Debug|Any CPU
		{5E4D1B9D-6A7E-445D-B3E9-6B536F1DC6BE}.Debug|.NET.ActiveCfg = Debug|x64
		{5E4D1B9D-6A7E-445D-B3E9-6B536F1DC6BE}.Debug|Any CPU.ActiveCfg = Debug|Any CPU
		{5E4D1B9D-6A7E-445D-B3E9-6B536F1DC6BE}.Debug|Any CPU.Build.0 = Debug|Any CPU
		{5E4D1B9D-6A7E-445D-B3E9-6B536F1DC6BE}.Debug|Mixed Platforms.ActiveCfg = Debug|Any CPU
		{5E4D1B9D-6A7E-445D-B3E9-6B536F1DC6BE}.Debug|Mixed Platforms.Build.0 = Debug|Any CPU
		{5E4D1B9D-6A7E-445D-B3E9-6B536F1DC6BE}.Debug|x64.ActiveCfg = Debug|x64
		{5E4D1B9D-6A7E-445D-B3E9-6B536F1DC6BE}.Debug|x64.Build.0 = Debug|x64
		{5E4D1B9D-6A7E-445D-B3E9-6B536F1DC6BE}.Release|.NET.ActiveCfg = Release|x64
		{5E4D1B9D-6A7E-445D-B3E9-6B536F1DC6BE}.Release|Any CPU.ActiveCfg = Release|Any CPU
		{5E4D1B9D-6A7E-445D-B3E9-6B536F1DC6BE}.Release|Any CPU.Build.0 = Release|Any CPU
		{5E4D1B9D-6A7E-445D-B3E9-6B536F1DC6BE}.Release|Mixed Platforms.ActiveCfg = Release|Any CPU
		{5E4D1B9D-6A7E-445D-B3E9-6B536F1DC6BE}.Release|Mixed Platforms.Build.0 = Release|Any CPU
		{5E4D1B9D-6A7E-445D-B3E9-6B536F1DC6BE}.Release|x64.ActiveCfg = Release|x64
		{5E4D1B9D-6A7E-445D-B3E9-6B536F1DC6BE}.Release|x64.Build.0 = Release|x64
	EndGlobalSection
	GlobalSection(SolutionProperties) = preSolution
		HideSolutionNode = FALSE
	EndGlobalSection
	GlobalSection(ExtensibilityGlobals) = postSolution
		VisualSVNWorkingCopyRoot = 
		SolutionGuid = {3877D236-32AF-4834-874A-5C32C78D0CF2}
	EndGlobalSection
EndGlobal
